// !$*UTF8*$!
{
	archiveVersion = 1;
	classes = {
	};
	objectVersion = 56;
	objects = {

/* Begin PBXBuildFile section */
		B2C6F02B2907F15D00CC6F06 /* TestDeleteApp.swift in Sources */ = {isa = PBXBuildFile; fileRef = B2C6F02A2907F15D00CC6F06 /* TestDeleteApp.swift */; };
		B2C6F02D2907F15D00CC6F06 /* ContentView.swift in Sources */ = {isa = PBXBuildFile; fileRef = B2C6F02C2907F15D00CC6F06 /* ContentView.swift */; };
		B2C6F02F2907F16000CC6F06 /* Assets.xcassets in Resources */ = {isa = PBXBuildFile; fileRef = B2C6F02E2907F16000CC6F06 /* Assets.xcassets */; };
		B2C6F0322907F16000CC6F06 /* Preview Assets.xcassets in Resources */ = {isa = PBXBuildFile; fileRef = B2C6F0312907F16000CC6F06 /* Preview Assets.xcassets */; };
		B2C6F03C2907F16100CC6F06 /* TestDeleteTests.swift in Sources */ = {isa = PBXBuildFile; fileRef = B2C6F03B2907F16100CC6F06 /* TestDeleteTests.swift */; };
		B2C6F0462907F16100CC6F06 /* TestDeleteUITests.swift in Sources */ = {isa = PBXBuildFile; fileRef = B2C6F0452907F16100CC6F06 /* TestDeleteUITests.swift */; };
		B2C6F0482907F16100CC6F06 /* TestDeleteUITestsLaunchTests.swift in Sources */ = {isa = PBXBuildFile; fileRef = B2C6F0472907F16100CC6F06 /* TestDeleteUITestsLaunchTests.swift */; };
/* End PBXBuildFile section */

/* Begin PBXContainerItemProxy section */
		B2C6F0382907F16100CC6F06 /* PBXContainerItemProxy */ = {
			isa = PBXContainerItemProxy;
			containerPortal = B2C6F01F2907F15D00CC6F06 /* Project object */;
			proxyType = 1;
			remoteGlobalIDString = B2C6F0262907F15D00CC6F06;
			remoteInfo = TestDelete;
		};
		B2C6F0422907F16100CC6F06 /* PBXContainerItemProxy */ = {
			isa = PBXContainerItemProxy;
			containerPortal = B2C6F01F2907F15D00CC6F06 /* Project object */;
			proxyType = 1;
			remoteGlobalIDString = B2C6F0262907F15D00CC6F06;
			remoteInfo = TestDelete;
		};
/* End PBXContainerItemProxy section */

/* Begin PBXFileReference section */
		B2C6F0272907F15D00CC6F06 /* TestDelete.app */ = {isa = PBXFileReference; explicitFileType = wrapper.application; includeInIndex = 0; path = TestDelete.app; sourceTree = BUILT_PRODUCTS_DIR; };
		B2C6F02A2907F15D00CC6F06 /* TestDeleteApp.swift */ = {isa = PBXFileReference; lastKnownFileType = sourcecode.swift; path = TestDeleteApp.swift; sourceTree = "<group>"; };
		B2C6F02C2907F15D00CC6F06 /* ContentView.swift */ = {isa = PBXFileReference; lastKnownFileType = sourcecode.swift; path = ContentView.swift; sourceTree = "<group>"; };
		B2C6F02E2907F16000CC6F06 /* Assets.xcassets */ = {isa = PBXFileReference; lastKnownFileType = folder.assetcatalog; path = Assets.xcassets; sourceTree = "<group>"; };
		B2C6F0312907F16000CC6F06 /* Preview Assets.xcassets */ = {isa = PBXFileReference; lastKnownFileType = folder.assetcatalog; path = "Preview Assets.xcassets"; sourceTree = "<group>"; };
		B2C6F0372907F16100CC6F06 /* TestDeleteTests.xctest */ = {isa = PBXFileReference; explicitFileType = wrapper.cfbundle; includeInIndex = 0; path = TestDeleteTests.xctest; sourceTree = BUILT_PRODUCTS_DIR; };
		B2C6F03B2907F16100CC6F06 /* TestDeleteTests.swift */ = {isa = PBXFileReference; lastKnownFileType = sourcecode.swift; path = TestDeleteTests.swift; sourceTree = "<group>"; };
		B2C6F0412907F16100CC6F06 /* TestDeleteUITests.xctest */ = {isa = PBXFileReference; explicitFileType = wrapper.cfbundle; includeInIndex = 0; path = TestDeleteUITests.xctest; sourceTree = BUILT_PRODUCTS_DIR; };
		B2C6F0452907F16100CC6F06 /* TestDeleteUITests.swift */ = {isa = PBXFileReference; lastKnownFileType = sourcecode.swift; path = TestDeleteUITests.swift; sourceTree = "<group>"; };
		B2C6F0472907F16100CC6F06 /* TestDeleteUITestsLaunchTests.swift */ = {isa = PBXFileReference; lastKnownFileType = sourcecode.swift; path = TestDeleteUITestsLaunchTests.swift; sourceTree = "<group>"; };
/* End PBXFileReference section */

/* Begin PBXFrameworksBuildPhase section */
		B2C6F0242907F15D00CC6F06 /* Frameworks */ = {
			isa = PBXFrameworksBuildPhase;
			buildActionMask = 2147483647;
			files = (
			);
			runOnlyForDeploymentPostprocessing = 0;
		};
		B2C6F0342907F16100CC6F06 /* Frameworks */ = {
			isa = PBXFrameworksBuildPhase;
			buildActionMask = 2147483647;
			files = (
			);
			runOnlyForDeploymentPostprocessing = 0;
		};
		B2C6F03E2907F16100CC6F06 /* Frameworks */ = {
			isa = PBXFrameworksBuildPhase;
			buildActionMask = 2147483647;
			files = (
			);
			runOnlyForDeploymentPostprocessing = 0;
		};
/* End PBXFrameworksBuildPhase section */

/* Begin PBXGroup section */
		B2C6F01E2907F15D00CC6F06 = {
			isa = PBXGroup;
			children = (
				B2C6F0292907F15D00CC6F06 /* TestDelete */,
				B2C6F03A2907F16100CC6F06 /* TestDeleteTests */,
				B2C6F0442907F16100CC6F06 /* TestDeleteUITests */,
				B2C6F0282907F15D00CC6F06 /* Products */,
			);
			sourceTree = "<group>";
		};
		B2C6F0282907F15D00CC6F06 /* Products */ = {
			isa = PBXGroup;
			children = (
				B2C6F0272907F15D00CC6F06 /* TestDelete.app */,
				B2C6F0372907F16100CC6F06 /* TestDeleteTests.xctest */,
				B2C6F0412907F16100CC6F06 /* TestDeleteUITests.xctest */,
			);
			name = Products;
			sourceTree = "<group>";
		};
		B2C6F0292907F15D00CC6F06 /* TestDelete */ = {
			isa = PBXGroup;
			children = (
				B2C6F02A2907F15D00CC6F06 /* TestDeleteApp.swift */,
				B2C6F02C2907F15D00CC6F06 /* ContentView.swift */,
				B2C6F02E2907F16000CC6F06 /* Assets.xcassets */,
				B2C6F0302907F16000CC6F06 /* Preview Content */,
			);
			path = TestDelete;
			sourceTree = "<group>";
		};
		B2C6F0302907F16000CC6F06 /* Preview Content */ = {
			isa = PBXGroup;
			children = (
				B2C6F0312907F16000CC6F06 /* Preview Assets.xcassets */,
			);
			path = "Preview Content";
			sourceTree = "<group>";
		};
		B2C6F03A2907F16100CC6F06 /* TestDeleteTests */ = {
			isa = PBXGroup;
			children = (
				B2C6F03B2907F16100CC6F06 /* TestDeleteTests.swift */,
			);
			path = TestDeleteTests;
			sourceTree = "<group>";
		};
		B2C6F0442907F16100CC6F06 /* TestDeleteUITests */ = {
			isa = PBXGroup;
			children = (
				B2C6F0452907F16100CC6F06 /* TestDeleteUITests.swift */,
				B2C6F0472907F16100CC6F06 /* TestDeleteUITestsLaunchTests.swift */,
			);
			path = TestDeleteUITests;
			sourceTree = "<group>";
		};
/* End PBXGroup section */

/* Begin PBXNativeTarget section */
		B2C6F0262907F15D00CC6F06 /* TestDelete */ = {
			isa = PBXNativeTarget;
			buildConfigurationList = B2C6F04B2907F16100CC6F06 /* Build configuration list for PBXNativeTarget "TestDelete" */;
			buildPhases = (
				B2C6F0232907F15D00CC6F06 /* Sources */,
				B2C6F0242907F15D00CC6F06 /* Frameworks */,
				B2C6F0252907F15D00CC6F06 /* Resources */,
			);
			buildRules = (
			);
			dependencies = (
			);
			name = TestDelete;
			productName = TestDelete;
			productReference = B2C6F0272907F15D00CC6F06 /* TestDelete.app */;
			productType = "com.apple.product-type.application";
		};
		B2C6F0362907F16100CC6F06 /* TestDeleteTests */ = {
			isa = PBXNativeTarget;
			buildConfigurationList = B2C6F04E2907F16100CC6F06 /* Build configuration list for PBXNativeTarget "TestDeleteTests" */;
			buildPhases = (
				B2C6F0332907F16100CC6F06 /* Sources */,
				B2C6F0342907F16100CC6F06 /* Frameworks */,
				B2C6F0352907F16100CC6F06 /* Resources */,
			);
			buildRules = (
			);
			dependencies = (
				B2C6F0392907F16100CC6F06 /* PBXTargetDependency */,
			);
			name = TestDeleteTests;
			productName = TestDeleteTests;
			productReference = B2C6F0372907F16100CC6F06 /* TestDeleteTests.xctest */;
			productType = "com.apple.product-type.bundle.unit-test";
		};
		B2C6F0402907F16100CC6F06 /* TestDeleteUITests */ = {
			isa = PBXNativeTarget;
			buildConfigurationList = B2C6F0512907F16100CC6F06 /* Build configuration list for PBXNativeTarget "TestDeleteUITests" */;
			buildPhases = (
				B2C6F03D2907F16100CC6F06 /* Sources */,
				B2C6F03E2907F16100CC6F06 /* Frameworks */,
				B2C6F03F2907F16100CC6F06 /* Resources */,
			);
			buildRules = (
			);
			dependencies = (
				B2C6F0432907F16100CC6F06 /* PBXTargetDependency */,
			);
			name = TestDeleteUITests;
			productName = TestDeleteUITests;
			productReference = B2C6F0412907F16100CC6F06 /* TestDeleteUITests.xctest */;
			productType = "com.apple.product-type.bundle.ui-testing";
		};
/* End PBXNativeTarget section */

/* Begin PBXProject section */
		B2C6F01F2907F15D00CC6F06 /* Project object */ = {
			isa = PBXProject;
			attributes = {
				BuildIndependentTargetsInParallel = 1;
				LastSwiftUpdateCheck = 1400;
				LastUpgradeCheck = 1400;
				TargetAttributes = {
					B2C6F0262907F15D00CC6F06 = {
						CreatedOnToolsVersion = 14.0.1;
					};
					B2C6F0362907F16100CC6F06 = {
						CreatedOnToolsVersion = 14.0.1;
						TestTargetID = B2C6F0262907F15D00CC6F06;
					};
					B2C6F0402907F16100CC6F06 = {
						CreatedOnToolsVersion = 14.0.1;
						TestTargetID = B2C6F0262907F15D00CC6F06;
					};
				};
			};
			buildConfigurationList = B2C6F0222907F15D00CC6F06 /* Build configuration list for PBXProject "TestDelete" */;
			compatibilityVersion = "Xcode 14.0";
			developmentRegion = en;
			hasScannedForEncodings = 0;
			knownRegions = (
				en,
				Base,
			);
			mainGroup = B2C6F01E2907F15D00CC6F06;
			productRefGroup = B2C6F0282907F15D00CC6F06 /* Products */;
			projectDirPath = "";
			projectRoot = "";
			targets = (
				B2C6F0262907F15D00CC6F06 /* TestDelete */,
				B2C6F0362907F16100CC6F06 /* TestDeleteTests */,
				B2C6F0402907F16100CC6F06 /* TestDeleteUITests */,
			);
		};
/* End PBXProject section */

/* Begin PBXResourcesBuildPhase section */
		B2C6F0252907F15D00CC6F06 /* Resources */ = {
			isa = PBXResourcesBuildPhase;
			buildActionMask = 2147483647;
			files = (
				B2C6F0322907F16000CC6F06 /* Preview Assets.xcassets in Resources */,
				B2C6F02F2907F16000CC6F06 /* Assets.xcassets in Resources */,
			);
			runOnlyForDeploymentPostprocessing = 0;
		};
		B2C6F0352907F16100CC6F06 /* Resources */ = {
			isa = PBXResourcesBuildPhase;
			buildActionMask = 2147483647;
			files = (
			);
			runOnlyForDeploymentPostprocessing = 0;
		};
		B2C6F03F2907F16100CC6F06 /* Resources */ = {
			isa = PBXResourcesBuildPhase;
			buildActionMask = 2147483647;
			files = (
			);
			runOnlyForDeploymentPostprocessing = 0;
		};
/* End PBXResourcesBuildPhase section */

/* Begin PBXSourcesBuildPhase section */
		B2C6F0232907F15D00CC6F06 /* Sources */ = {
			isa = PBXSourcesBuildPhase;
			buildActionMask = 2147483647;
			files = (
				B2C6F02D2907F15D00CC6F06 /* ContentView.swift in Sources */,
				B2C6F02B2907F15D00CC6F06 /* TestDeleteApp.swift in Sources */,
			);
			runOnlyForDeploymentPostprocessing = 0;
		};
		B2C6F0332907F16100CC6F06 /* Sources */ = {
			isa = PBXSourcesBuildPhase;
			buildActionMask = 2147483647;
			files = (
				B2C6F03C2907F16100CC6F06 /* TestDeleteTests.swift in Sources */,
			);
			runOnlyForDeploymentPostprocessing = 0;
		};
		B2C6F03D2907F16100CC6F06 /* Sources */ = {
			isa = PBXSourcesBuildPhase;
			buildActionMask = 2147483647;
			files = (
				B2C6F0462907F16100CC6F06 /* TestDeleteUITests.swift in Sources */,
				B2C6F0482907F16100CC6F06 /* TestDeleteUITestsLaunchTests.swift in Sources */,
			);
			runOnlyForDeploymentPostprocessing = 0;
		};
/* End PBXSourcesBuildPhase section */

/* Begin PBXTargetDependency section */
		B2C6F0392907F16100CC6F06 /* PBXTargetDependency */ = {
			isa = PBXTargetDependency;
			target = B2C6F0262907F15D00CC6F06 /* TestDelete */;
			targetProxy = B2C6F0382907F16100CC6F06 /* PBXContainerItemProxy */;
		};
		B2C6F0432907F16100CC6F06 /* PBXTargetDependency */ = {
			isa = PBXTargetDependency;
			target = B2C6F0262907F15D00CC6F06 /* TestDelete */;
			targetProxy = B2C6F0422907F16100CC6F06 /* PBXContainerItemProxy */;
		};
/* End PBXTargetDependency section */

/* Begin XCBuildConfiguration section */
		B2C6F0492907F16100CC6F06 /* Debug */ = {
			isa = XCBuildConfiguration;
			buildSettings = {
				ALWAYS_SEARCH_USER_PATHS = NO;
				CLANG_ANALYZER_NONNULL = YES;
				CLANG_ANALYZER_NUMBER_OBJECT_CONVERSION = YES_AGGRESSIVE;
				CLANG_CXX_LANGUAGE_STANDARD = "gnu++20";
				CLANG_ENABLE_MODULES = YES;
				CLANG_ENABLE_OBJC_ARC = YES;
				CLANG_ENABLE_OBJC_WEAK = YES;
				CLANG_WARN_BLOCK_CAPTURE_AUTORELEASING = YES;
				CLANG_WARN_BOOL_CONVERSION = YES;
				CLANG_WARN_COMMA = YES;
				CLANG_WARN_CONSTANT_CONVERSION = YES;
				CLANG_WARN_DEPRECATED_OBJC_IMPLEMENTATIONS = YES;
				CLANG_WARN_DIRECT_OBJC_ISA_USAGE = YES_ERROR;
				CLANG_WARN_DOCUMENTATION_COMMENTS = YES;
				CLANG_WARN_EMPTY_BODY = YES;
				CLANG_WARN_ENUM_CONVERSION = YES;
				CLANG_WARN_INFINITE_RECURSION = YES;
				CLANG_WARN_INT_CONVERSION = YES;
				CLANG_WARN_NON_LITERAL_NULL_CONVERSION = YES;
				CLANG_WARN_OBJC_IMPLICIT_RETAIN_SELF = YES;
				CLANG_WARN_OBJC_LITERAL_CONVERSION = YES;
				CLANG_WARN_OBJC_ROOT_CLASS = YES_ERROR;
				CLANG_WARN_QUOTED_INCLUDE_IN_FRAMEWORK_HEADER = YES;
				CLANG_WARN_RANGE_LOOP_ANALYSIS = YES;
				CLANG_WARN_STRICT_PROTOTYPES = YES;
				CLANG_WARN_SUSPICIOUS_MOVE = YES;
				CLANG_WARN_UNGUARDED_AVAILABILITY = YES_AGGRESSIVE;
				CLANG_WARN_UNREACHABLE_CODE = YES;
				CLANG_WARN__DUPLICATE_METHOD_MATCH = YES;
				COPY_PHASE_STRIP = NO;
				DEBUG_INFORMATION_FORMAT = dwarf;
				ENABLE_STRICT_OBJC_MSGSEND = YES;
				ENABLE_TESTABILITY = YES;
				GCC_C_LANGUAGE_STANDARD = gnu11;
				GCC_DYNAMIC_NO_PIC = NO;
				GCC_NO_COMMON_BLOCKS = YES;
				GCC_OPTIMIZATION_LEVEL = 0;
				GCC_PREPROCESSOR_DEFINITIONS = (
					"DEBUG=1",
					"$(inherited)",
				);
				GCC_WARN_64_TO_32_BIT_CONVERSION = YES;
				GCC_WARN_ABOUT_RETURN_TYPE = YES_ERROR;
				GCC_WARN_UNDECLARED_SELECTOR = YES;
				GCC_WARN_UNINITIALIZED_AUTOS = YES_AGGRESSIVE;
				GCC_WARN_UNUSED_FUNCTION = YES;
				GCC_WARN_UNUSED_VARIABLE = YES;
				IPHONEOS_DEPLOYMENT_TARGET = 16.0;
				MTL_ENABLE_DEBUG_INFO = INCLUDE_SOURCE;
				MTL_FAST_MATH = YES;
				ONLY_ACTIVE_ARCH = YES;
				SDKROOT = iphoneos;
				SWIFT_ACTIVE_COMPILATION_CONDITIONS = DEBUG;
				SWIFT_OPTIMIZATION_LEVEL = "-Onone";
			};
			name = Debug;
		};
		B2C6F04A2907F16100CC6F06 /* Release */ = {
			isa = XCBuildConfiguration;
			buildSettings = {
				ALWAYS_SEARCH_USER_PATHS = NO;
				CLANG_ANALYZER_NONNULL = YES;
				CLANG_ANALYZER_NUMBER_OBJECT_CONVERSION = YES_AGGRESSIVE;
				CLANG_CXX_LANGUAGE_STANDARD = "gnu++20";
				CLANG_ENABLE_MODULES = YES;
				CLANG_ENABLE_OBJC_ARC = YES;
				CLANG_ENABLE_OBJC_WEAK = YES;
				CLANG_WARN_BLOCK_CAPTURE_AUTORELEASING = YES;
				CLANG_WARN_BOOL_CONVERSION = YES;
				CLANG_WARN_COMMA = YES;
				CLANG_WARN_CONSTANT_CONVERSION = YES;
				CLANG_WARN_DEPRECATED_OBJC_IMPLEMENTATIONS = YES;
				CLANG_WARN_DIRECT_OBJC_ISA_USAGE = YES_ERROR;
				CLANG_WARN_DOCUMENTATION_COMMENTS = YES;
				CLANG_WARN_EMPTY_BODY = YES;
				CLANG_WARN_ENUM_CONVERSION = YES;
				CLANG_WARN_INFINITE_RECURSION = YES;
				CLANG_WARN_INT_CONVERSION = YES;
				CLANG_WARN_NON_LITERAL_NULL_CONVERSION = YES;
				CLANG_WARN_OBJC_IMPLICIT_RETAIN_SELF = YES;
				CLANG_WARN_OBJC_LITERAL_CONVERSION = YES;
				CLANG_WARN_OBJC_ROOT_CLASS = YES_ERROR;
				CLANG_WARN_QUOTED_INCLUDE_IN_FRAMEWORK_HEADER = YES;
				CLANG_WARN_RANGE_LOOP_ANALYSIS = YES;
				CLANG_WARN_STRICT_PROTOTYPES = YES;
				CLANG_WARN_SUSPICIOUS_MOVE = YES;
				CLANG_WARN_UNGUARDED_AVAILABILITY = YES_AGGRESSIVE;
				CLANG_WARN_UNREACHABLE_CODE = YES;
				CLANG_WARN__DUPLICATE_METHOD_MATCH = YES;
				COPY_PHASE_STRIP = NO;
				DEBUG_INFORMATION_FORMAT = "dwarf-with-dsym";
				ENABLE_NS_ASSERTIONS = NO;
				ENABLE_STRICT_OBJC_MSGSEND = YES;
				GCC_C_LANGUAGE_STANDARD = gnu11;
				GCC_NO_COMMON_BLOCKS = YES;
				GCC_WARN_64_TO_32_BIT_CONVERSION = YES;
				GCC_WARN_ABOUT_RETURN_TYPE = YES_ERROR;
				GCC_WARN_UNDECLARED_SELECTOR = YES;
				GCC_WARN_UNINITIALIZED_AUTOS = YES_AGGRESSIVE;
				GCC_WARN_UNUSED_FUNCTION = YES;
				GCC_WARN_UNUSED_VARIABLE = YES;
				IPHONEOS_DEPLOYMENT_TARGET = 16.0;
				MTL_ENABLE_DEBUG_INFO = NO;
				MTL_FAST_MATH = YES;
				SDKROOT = iphoneos;
				SWIFT_COMPILATION_MODE = wholemodule;
				SWIFT_OPTIMIZATION_LEVEL = "-O";
				VALIDATE_PRODUCT = YES;
			};
			name = Release;
		};
		B2C6F04C2907F16100CC6F06 /* Debug */ = {
			isa = XCBuildConfiguration;
			buildSettings = {
				ASSETCATALOG_COMPILER_APPICON_NAME = AppIcon;
				ASSETCATALOG_COMPILER_GLOBAL_ACCENT_COLOR_NAME = AccentColor;
				CODE_SIGN_STYLE = Automatic;
				CURRENT_PROJECT_VERSION = 1;
				DEVELOPMENT_ASSET_PATHS = "\"TestDelete/Preview Content\"";
				ENABLE_PREVIEWS = YES;
				GENERATE_INFOPLIST_FILE = YES;
				INFOPLIST_KEY_UIApplicationSceneManifest_Generation = YES;
				INFOPLIST_KEY_UIApplicationSupportsIndirectInputEvents = YES;
				INFOPLIST_KEY_UILaunchScreen_Generation = YES;
				INFOPLIST_KEY_UISupportedInterfaceOrientations_iPad = "UIInterfaceOrientationPortrait UIInterfaceOrientationPortraitUpsideDown UIInterfaceOrientationLandscapeLeft UIInterfaceOrientationLandscapeRight";
				INFOPLIST_KEY_UISupportedInterfaceOrientations_iPhone = "UIInterfaceOrientationPortrait UIInterfaceOrientationLandscapeLeft UIInterfaceOrientationLandscapeRight";
				LD_RUNPATH_SEARCH_PATHS = (
					"$(inherited)",
					"@executable_path/Frameworks",
				);
				MARKETING_VERSION = 1.0;
				PRODUCT_BUNDLE_IDENTIFIER = app.TestDelete;
				PRODUCT_NAME = "$(TARGET_NAME)";
				SWIFT_EMIT_LOC_STRINGS = YES;
				SWIFT_VERSION = 5.0;
				TARGETED_DEVICE_FAMILY = "1,2";
			};
			name = Debug;
		};
		B2C6F04D2907F16100CC6F06 /* Release */ = {
			isa = XCBuildConfiguration;
			buildSettings = {
				ASSETCATALOG_COMPILER_APPICON_NAME = AppIcon;
				ASSETCATALOG_COMPILER_GLOBAL_ACCENT_COLOR_NAME = AccentColor;
				CODE_SIGN_STYLE = Automatic;
				CURRENT_PROJECT_VERSION = 1;
				DEVELOPMENT_ASSET_PATHS = "\"TestDelete/Preview Content\"";
				ENABLE_PREVIEWS = YES;
				GENERATE_INFOPLIST_FILE = YES;
				INFOPLIST_KEY_UIApplicationSceneManifest_Generation = YES;
				INFOPLIST_KEY_UIApplicationSupportsIndirectInputEvents = YES;
				INFOPLIST_KEY_UILaunchScreen_Generation = YES;
				INFOPLIST_KEY_UISupportedInterfaceOrientations_iPad = "UIInterfaceOrientationPortrait UIInterfaceOrientationPortraitUpsideDown UIInterfaceOrientationLandscapeLeft UIInterfaceOrientationLandscapeRight";
				INFOPLIST_KEY_UISupportedInterfaceOrientations_iPhone = "UIInterfaceOrientationPortrait UIInterfaceOrientationLandscapeLeft UIInterfaceOrientationLandscapeRight";
				LD_RUNPATH_SEARCH_PATHS = (
					"$(inherited)",
					"@executable_path/Frameworks",
				);
				MARKETING_VERSION = 1.0;
				PRODUCT_BUNDLE_IDENTIFIER = app.TestDelete;
				PRODUCT_NAME = "$(TARGET_NAME)";
				SWIFT_EMIT_LOC_STRINGS = YES;
				SWIFT_VERSION = 5.0;
				TARGETED_DEVICE_FAMILY = "1,2";
			};
			name = Release;
		};
		B2C6F04F2907F16100CC6F06 /* Debug */ = {
			isa = XCBuildConfiguration;
			buildSettings = {
				ALWAYS_EMBED_SWIFT_STANDARD_LIBRARIES = YES;
				BUNDLE_LOADER = "$(TEST_HOST)";
				CODE_SIGN_STYLE = Automatic;
				CURRENT_PROJECT_VERSION = 1;
				GENERATE_INFOPLIST_FILE = YES;
				IPHONEOS_DEPLOYMENT_TARGET = 16.0;
				MARKETING_VERSION = 1.0;
				PRODUCT_BUNDLE_IDENTIFIER = app.TestDeleteTests;
				PRODUCT_NAME = "$(TARGET_NAME)";
				SWIFT_EMIT_LOC_STRINGS = NO;
				SWIFT_VERSION = 5.0;
				TARGETED_DEVICE_FAMILY = "1,2";
				TEST_HOST = "$(BUILT_PRODUCTS_DIR)/TestDelete.app/$(BUNDLE_EXECUTABLE_FOLDER_PATH)/TestDelete";
			};
			name = Debug;
		};
		B2C6F0502907F16100CC6F06 /* Release */ = {
			isa = XCBuildConfiguration;
			buildSettings = {
				ALWAYS_EMBED_SWIFT_STANDARD_LIBRARIES = YES;
				BUNDLE_LOADER = "$(TEST_HOST)";
				CODE_SIGN_STYLE = Automatic;
				CURRENT_PROJECT_VERSION = 1;
				GENERATE_INFOPLIST_FILE = YES;
				IPHONEOS_DEPLOYMENT_TARGET = 16.0;
				MARKETING_VERSION = 1.0;
				PRODUCT_BUNDLE_IDENTIFIER = app.TestDeleteTests;
				PRODUCT_NAME = "$(TARGET_NAME)";
				SWIFT_EMIT_LOC_STRINGS = NO;
				SWIFT_VERSION = 5.0;
				TARGETED_DEVICE_FAMILY = "1,2";
				TEST_HOST = "$(BUILT_PRODUCTS_DIR)/TestDelete.app/$(BUNDLE_EXECUTABLE_FOLDER_PATH)/TestDelete";
			};
			name = Release;
		};
		B2C6F0522907F16100CC6F06 /* Debug */ = {
			isa = XCBuildConfiguration;
			buildSettings = {
				ALWAYS_EMBED_SWIFT_STANDARD_LIBRARIES = YES;
				CODE_SIGN_STYLE = Automatic;
				CURRENT_PROJECT_VERSION = 1;
				GENERATE_INFOPLIST_FILE = YES;
				MARKETING_VERSION = 1.0;
				PRODUCT_BUNDLE_IDENTIFIER = app.TestDeleteUITests;
				PRODUCT_NAME = "$(TARGET_NAME)";
				SWIFT_EMIT_LOC_STRINGS = NO;
				SWIFT_VERSION = 5.0;
				TARGETED_DEVICE_FAMILY = "1,2";
				TEST_TARGET_NAME = TestDelete;
			};
			name = Debug;
		};
		B2C6F0532907F16100CC6F06 /* Release */ = {
			isa = XCBuildConfiguration;
			buildSettings = {
				ALWAYS_EMBED_SWIFT_STANDARD_LIBRARIES = YES;
				CODE_SIGN_STYLE = Automatic;
				CURRENT_PROJECT_VERSION = 1;
				GENERATE_INFOPLIST_FILE = YES;
				MARKETING_VERSION = 1.0;
				PRODUCT_BUNDLE_IDENTIFIER = app.TestDeleteUITests;
				PRODUCT_NAME = "$(TARGET_NAME)";
				SWIFT_EMIT_LOC_STRINGS = NO;
				SWIFT_VERSION = 5.0;
				TARGETED_DEVICE_FAMILY = "1,2";
				TEST_TARGET_NAME = TestDelete;
			};
			name = Release;
		};
/* End XCBuildConfiguration section */

/* Begin XCConfigurationList section */
		B2C6F0222907F15D00CC6F06 /* Build configuration list for PBXProject "TestDelete" */ = {
			isa = XCConfigurationList;
			buildConfigurations = (
				B2C6F0492907F16100CC6F06 /* Debug */,
				B2C6F04A2907F16100CC6F06 /* Release */,
			);
			defaultConfigurationIsVisible = 0;
			defaultConfigurationName = Release;
		};
		B2C6F04B2907F16100CC6F06 /* Build configuration list for PBXNativeTarget "TestDelete" */ = {
			isa = XCConfigurationList;
			buildConfigurations = (
				B2C6F04C2907F16100CC6F06 /* Debug */,
				B2C6F04D2907F16100CC6F06 /* Release */,
			);
			defaultConfigurationIsVisible = 0;
			defaultConfigurationName = Release;
		};
		B2C6F04E2907F16100CC6F06 /* Build configuration list for PBXNativeTarget "TestDeleteTests" */ = {
			isa = XCConfigurationList;
			buildConfigurations = (
				B2C6F04F2907F16100CC6F06 /* Debug */,
				B2C6F0502907F16100CC6F06 /* Release */,
			);
			defaultConfigurationIsVisible = 0;
			defaultConfigurationName = Release;
		};
		B2C6F0512907F16100CC6F06 /* Build configuration list for PBXNativeTarget "TestDeleteUITests" */ = {
			isa = XCConfigurationList;
			buildConfigurations = (
				B2C6F0522907F16100CC6F06 /* Debug */,
				B2C6F0532907F16100CC6F06 /* Release */,
			);
			defaultConfigurationIsVisible = 0;
			defaultConfigurationName = Release;
		};
/* End XCConfigurationList section */
	};
	rootObject = B2C6F01F2907F15D00CC6F06 /* Project object */;
}
